
Microsoft Visual Studio Solution File, Format Version 12.00
# Visual Studio Version 17
VisualStudioVersion = 17.6.33815.320
MinimumVisualStudioVersion = 10.0.40219.1
Project("{FAE04EC0-301F-11D3-BF4B-00C04F79EFBC}") = "E-Commerce.API", "E-Commerce.API\E-Commerce.API.csproj", "{FF545F32-8466-4E56-BC65-651493B7B5AC}"
EndProject
Global
	GlobalSection(SolutionConfigurationPlatforms) = preSolution
		Debug|Any CPU = Debug|Any CPU
		Release|Any CPU = Release|Any CPU
	EndGlobalSection
	GlobalSection(ProjectConfigurationPlatforms) = postSolution
		{FF545F32-8466-4E56-BC65-651493B7B5AC}.Debug|Any CPU.ActiveCfg = Debug|Any CPU
		{FF545F32-8466-4E56-BC65-651493B7B5AC}.Debug|Any CPU.Build.0 = Debug|Any CPU
		{FF545F32-8466-4E56-BC65-651493B7B5AC}.Release|Any CPU.ActiveCfg = Release|Any CPU
		{FF545F32-8466-4E56-BC65-651493B7B5AC}.Release|Any CPU.Build.0 = Release|Any CPU
	EndGlobalSection
	GlobalSection(SolutionProperties) = preSolution
		HideSolutionNode = FALSE
	EndGlobalSection
	GlobalSection(ExtensibilityGlobals) = postSolution
		SolutionGuid = {0C331355-BDC6-441A-9019-6A1CB8667413}
	EndGlobalSection
EndGlobal
